// !$*UTF8*$!
{
	archiveVersion = 1;
	classes = {
	};
	objectVersion = 50;
	objects = {

/* Begin PBXBuildFile section */
		4CDB68EC2327305C00F0F203 /* AppDelegate.swift in Sources */ = {isa = PBXBuildFile; fileRef = 4CDB68EB2327305C00F0F203 /* AppDelegate.swift */; };
		4CDB68EE2327305C00F0F203 /* ViewController.swift in Sources */ = {isa = PBXBuildFile; fileRef = 4CDB68ED2327305C00F0F203 /* ViewController.swift */; };
		4CDB68F12327305C00F0F203 /* Main.storyboard in Resources */ = {isa = PBXBuildFile; fileRef = 4CDB68EF2327305C00F0F203 /* Main.storyboard */; };
		4CDB68F32327305E00F0F203 /* Assets.xcassets in Resources */ = {isa = PBXBuildFile; fileRef = 4CDB68F22327305E00F0F203 /* Assets.xcassets */; };
		4CDB68F62327305E00F0F203 /* LaunchScreen.storyboard in Resources */ = {isa = PBXBuildFile; fileRef = 4CDB68F42327305E00F0F203 /* LaunchScreen.storyboard */; };
		4CDB69012327305E00F0F203 /* FlixTests.swift in Sources */ = {isa = PBXBuildFile; fileRef = 4CDB69002327305E00F0F203 /* FlixTests.swift */; };
		4CDB690C2327305E00F0F203 /* FlixUITests.swift in Sources */ = {isa = PBXBuildFile; fileRef = 4CDB690B2327305E00F0F203 /* FlixUITests.swift */; };
/* End PBXBuildFile section */

/* Begin PBXContainerItemProxy section */
		4CDB68FD2327305E00F0F203 /* PBXContainerItemProxy */ = {
			isa = PBXContainerItemProxy;
			containerPortal = 4CDB68E02327305B00F0F203 /* Project object */;
			proxyType = 1;
			remoteGlobalIDString = 4CDB68E72327305C00F0F203;
			remoteInfo = Flix;
		};
		4CDB69082327305E00F0F203 /* PBXContainerItemProxy */ = {
			isa = PBXContainerItemProxy;
			containerPortal = 4CDB68E02327305B00F0F203 /* Project object */;
			proxyType = 1;
			remoteGlobalIDString = 4CDB68E72327305C00F0F203;
			remoteInfo = Flix;
		};
/* End PBXContainerItemProxy section */

/* Begin PBXFileReference section */
		4CDB68E82327305C00F0F203 /* Flix.app */ = {isa = PBXFileReference; explicitFileType = wrapper.application; includeInIndex = 0; path = Flix.app; sourceTree = BUILT_PRODUCTS_DIR; };
		4CDB68EB2327305C00F0F203 /* AppDelegate.swift */ = {isa = PBXFileReference; lastKnownFileType = sourcecode.swift; path = AppDelegate.swift; sourceTree = "<group>"; };
		4CDB68ED2327305C00F0F203 /* ViewController.swift */ = {isa = PBXFileReference; lastKnownFileType = sourcecode.swift; path = ViewController.swift; sourceTree = "<group>"; };
		4CDB68F02327305C00F0F203 /* Base */ = {isa = PBXFileReference; lastKnownFileType = file.storyboard; name = Base; path = Base.lproj/Main.storyboard; sourceTree = "<group>"; };
		4CDB68F22327305E00F0F203 /* Assets.xcassets */ = {isa = PBXFileReference; lastKnownFileType = folder.assetcatalog; path = Assets.xcassets; sourceTree = "<group>"; };
		4CDB68F52327305E00F0F203 /* Base */ = {isa = PBXFileReference; lastKnownFileType = file.storyboard; name = Base; path = Base.lproj/LaunchScreen.storyboard; sourceTree = "<group>"; };
		4CDB68F72327305E00F0F203 /* Info.plist */ = {isa = PBXFileReference; lastKnownFileType = text.plist.xml; path = Info.plist; sourceTree = "<group>"; };
		4CDB68FC2327305E00F0F203 /* FlixTests.xctest */ = {isa = PBXFileReference; explicitFileType = wrapper.cfbundle; includeInIndex = 0; path = FlixTests.xctest; sourceTree = BUILT_PRODUCTS_DIR; };
		4CDB69002327305E00F0F203 /* FlixTests.swift */ = {isa = PBXFileReference; lastKnownFileType = sourcecode.swift; path = FlixTests.swift; sourceTree = "<group>"; };
		4CDB69022327305E00F0F203 /* Info.plist */ = {isa = PBXFileReference; lastKnownFileType = text.plist.xml; path = Info.plist; sourceTree = "<group>"; };
		4CDB69072327305E00F0F203 /* FlixUITests.xctest */ = {isa = PBXFileReference; explicitFileType = wrapper.cfbundle; includeInIndex = 0; path = FlixUITests.xctest; sourceTree = BUILT_PRODUCTS_DIR; };
		4CDB690B2327305E00F0F203 /* FlixUITests.swift */ = {isa = PBXFileReference; lastKnownFileType = sourcecode.swift; path = FlixUITests.swift; sourceTree = "<group>"; };
		4CDB690D2327305E00F0F203 /* Info.plist */ = {isa = PBXFileReference; lastKnownFileType = text.plist.xml; path = Info.plist; sourceTree = "<group>"; };
/* End PBXFileReference section */

/* Begin PBXFrameworksBuildPhase section */
		4CDB68E52327305C00F0F203 /* Frameworks */ = {
			isa = PBXFrameworksBuildPhase;
			buildActionMask = 2147483647;
			files = (
			);
			runOnlyForDeploymentPostprocessing = 0;
		};
		4CDB68F92327305E00F0F203 /* Frameworks */ = {
			isa = PBXFrameworksBuildPhase;
			buildActionMask = 2147483647;
			files = (
			);
			runOnlyForDeploymentPostprocessing = 0;
		};
		4CDB69042327305E00F0F203 /* Frameworks */ = {
			isa = PBXFrameworksBuildPhase;
			buildActionMask = 2147483647;
			files = (
			);
			runOnlyForDeploymentPostprocessing = 0;
		};
/* End PBXFrameworksBuildPhase section */

/* Begin PBXGroup section */
		4CDB68DF2327305B00F0F203 = {
			isa = PBXGroup;
			children = (
				4CDB68EA2327305C00F0F203 /* Flix */,
				4CDB68FF2327305E00F0F203 /* FlixTests */,
				4CDB690A2327305E00F0F203 /* FlixUITests */,
				4CDB68E92327305C00F0F203 /* Products */,
			);
			sourceTree = "<group>";
		};
		4CDB68E92327305C00F0F203 /* Products */ = {
			isa = PBXGroup;
			children = (
				4CDB68E82327305C00F0F203 /* Flix.app */,
				4CDB68FC2327305E00F0F203 /* FlixTests.xctest */,
				4CDB69072327305E00F0F203 /* FlixUITests.xctest */,
			);
			name = Products;
			sourceTree = "<group>";
		};
		4CDB68EA2327305C00F0F203 /* Flix */ = {
			isa = PBXGroup;
			children = (
				4CDB68EB2327305C00F0F203 /* AppDelegate.swift */,
				4CDB68ED2327305C00F0F203 /* ViewController.swift */,
				4CDB68EF2327305C00F0F203 /* Main.storyboard */,
				4CDB68F22327305E00F0F203 /* Assets.xcassets */,
				4CDB68F42327305E00F0F203 /* LaunchScreen.storyboard */,
				4CDB68F72327305E00F0F203 /* Info.plist */,
			);
			path = Flix;
			sourceTree = "<group>";
		};
		4CDB68FF2327305E00F0F203 /* FlixTests */ = {
			isa = PBXGroup;
			children = (
				4CDB69002327305E00F0F203 /* FlixTests.swift */,
				4CDB69022327305E00F0F203 /* Info.plist */,
			);
			path = FlixTests;
			sourceTree = "<group>";
		};
		4CDB690A2327305E00F0F203 /* FlixUITests */ = {
			isa = PBXGroup;
			children = (
				4CDB690B2327305E00F0F203 /* FlixUITests.swift */,
				4CDB690D2327305E00F0F203 /* Info.plist */,
			);
			path = FlixUITests;
			sourceTree = "<group>";
		};
/* End PBXGroup section */

/* Begin PBXNativeTarget section */
		4CDB68E72327305C00F0F203 /* Flix */ = {
			isa = PBXNativeTarget;
			buildConfigurationList = 4CDB69102327305E00F0F203 /* Build configuration list for PBXNativeTarget "Flix" */;
			buildPhases = (
				4CDB68E42327305C00F0F203 /* Sources */,
				4CDB68E52327305C00F0F203 /* Frameworks */,
				4CDB68E62327305C00F0F203 /* Resources */,
			);
			buildRules = (
			);
			dependencies = (
			);
			name = Flix;
			productName = Flix;
			productReference = 4CDB68E82327305C00F0F203 /* Flix.app */;
			productType = "com.apple.product-type.application";
		};
		4CDB68FB2327305E00F0F203 /* FlixTests */ = {
			isa = PBXNativeTarget;
			buildConfigurationList = 4CDB69132327305E00F0F203 /* Build configuration list for PBXNativeTarget "FlixTests" */;
			buildPhases = (
				4CDB68F82327305E00F0F203 /* Sources */,
				4CDB68F92327305E00F0F203 /* Frameworks */,
				4CDB68FA2327305E00F0F203 /* Resources */,
			);
			buildRules = (
			);
			dependencies = (
				4CDB68FE2327305E00F0F203 /* PBXTargetDependency */,
			);
			name = FlixTests;
			productName = FlixTests;
			productReference = 4CDB68FC2327305E00F0F203 /* FlixTests.xctest */;
			productType = "com.apple.product-type.bundle.unit-test";
		};
		4CDB69062327305E00F0F203 /* FlixUITests */ = {
			isa = PBXNativeTarget;
			buildConfigurationList = 4CDB69162327305E00F0F203 /* Build configuration list for PBXNativeTarget "FlixUITests" */;
			buildPhases = (
				4CDB69032327305E00F0F203 /* Sources */,
				4CDB69042327305E00F0F203 /* Frameworks */,
				4CDB69052327305E00F0F203 /* Resources */,
			);
			buildRules = (
			);
			dependencies = (
				4CDB69092327305E00F0F203 /* PBXTargetDependency */,
			);
			name = FlixUITests;
			productName = FlixUITests;
			productReference = 4CDB69072327305E00F0F203 /* FlixUITests.xctest */;
			productType = "com.apple.product-type.bundle.ui-testing";
		};
/* End PBXNativeTarget section */

/* Begin PBXProject section */
		4CDB68E02327305B00F0F203 /* Project object */ = {
			isa = PBXProject;
			attributes = {
				LastSwiftUpdateCheck = 1030;
				LastUpgradeCheck = 1030;
				ORGANIZATIONNAME = "Michael Haidar";
				TargetAttributes = {
					4CDB68E72327305C00F0F203 = {
						CreatedOnToolsVersion = 10.3;
					};
					4CDB68FB2327305E00F0F203 = {
						CreatedOnToolsVersion = 10.3;
						TestTargetID = 4CDB68E72327305C00F0F203;
					};
					4CDB69062327305E00F0F203 = {
						CreatedOnToolsVersion = 10.3;
						TestTargetID = 4CDB68E72327305C00F0F203;
					};
				};
			};
			buildConfigurationList = 4CDB68E32327305B00F0F203 /* Build configuration list for PBXProject "Flix" */;
			compatibilityVersion = "Xcode 9.3";
			developmentRegion = en;
			hasScannedForEncodings = 0;
			knownRegions = (
				en,
				Base,
			);
			mainGroup = 4CDB68DF2327305B00F0F203;
			productRefGroup = 4CDB68E92327305C00F0F203 /* Products */;
			projectDirPath = "";
			projectRoot = "";
			targets = (
				4CDB68E72327305C00F0F203 /* Flix */,
				4CDB68FB2327305E00F0F203 /* FlixTests */,
				4CDB69062327305E00F0F203 /* FlixUITests */,
			);
		};
/* End PBXProject section */

/* Begin PBXResourcesBuildPhase section */
		4CDB68E62327305C00F0F203 /* Resources */ = {
			isa = PBXResourcesBuildPhase;
			buildActionMask = 2147483647;
			files = (
				4CDB68F62327305E00F0F203 /* LaunchScreen.storyboard in Resources */,
				4CDB68F32327305E00F0F203 /* Assets.xcassets in Resources */,
				4CDB68F12327305C00F0F203 /* Main.storyboard in Resources */,
			);
			runOnlyForDeploymentPostprocessing = 0;
		};
		4CDB68FA2327305E00F0F203 /* Resources */ = {
			isa = PBXResourcesBuildPhase;
			buildActionMask = 2147483647;
			files = (
			);
			runOnlyForDeploymentPostprocessing = 0;
		};
		4CDB69052327305E00F0F203 /* Resources */ = {
			isa = PBXResourcesBuildPhase;
			buildActionMask = 2147483647;
			files = (
			);
			runOnlyForDeploymentPostprocessing = 0;
		};
/* End PBXResourcesBuildPhase section */

/* Begin PBXSourcesBuildPhase section */
		4CDB68E42327305C00F0F203 /* Sources */ = {
			isa = PBXSourcesBuildPhase;
			buildActionMask = 2147483647;
			files = (
				4CDB68EE2327305C00F0F203 /* ViewController.swift in Sources */,
				4CDB68EC2327305C00F0F203 /* AppDelegate.swift in Sources */,
			);
			runOnlyForDeploymentPostprocessing = 0;
		};
		4CDB68F82327305E00F0F203 /* Sources */ = {
			isa = PBXSourcesBuildPhase;
			buildActionMask = 2147483647;
			files = (
				4CDB69012327305E00F0F203 /* FlixTests.swift in Sources */,
			);
			runOnlyForDeploymentPostprocessing = 0;
		};
		4CDB69032327305E00F0F203 /* Sources */ = {
			isa = PBXSourcesBuildPhase;
			buildActionMask = 2147483647;
			files = (
				4CDB690C2327305E00F0F203 /* FlixUITests.swift in Sources */,
			);
			runOnlyForDeploymentPostprocessing = 0;
		};
/* End PBXSourcesBuildPhase section */

/* Begin PBXTargetDependency section */
		4CDB68FE2327305E00F0F203 /* PBXTargetDependency */ = {
			isa = PBXTargetDependency;
			target = 4CDB68E72327305C00F0F203 /* Flix */;
			targetProxy = 4CDB68FD2327305E00F0F203 /* PBXContainerItemProxy */;
		};
		4CDB69092327305E00F0F203 /* PBXTargetDependency */ = {
			isa = PBXTargetDependency;
			target = 4CDB68E72327305C00F0F203 /* Flix */;
			targetProxy = 4CDB69082327305E00F0F203 /* PBXContainerItemProxy */;
		};
/* End PBXTargetDependency section */

/* Begin PBXVariantGroup section */
		4CDB68EF2327305C00F0F203 /* Main.storyboard */ = {
			isa = PBXVariantGroup;
			children = (
				4CDB68F02327305C00F0F203 /* Base */,
			);
			name = Main.storyboard;
			sourceTree = "<group>";
		};
		4CDB68F42327305E00F0F203 /* LaunchScreen.storyboard */ = {
			isa = PBXVariantGroup;
			children = (
				4CDB68F52327305E00F0F203 /* Base */,
			);
			name = LaunchScreen.storyboard;
			sourceTree = "<group>";
		};
/* End PBXVariantGroup section */

/* Begin XCBuildConfiguration section */
		4CDB690E2327305E00F0F203 /* Debug */ = {
			isa = XCBuildConfiguration;
			buildSettings = {
				ALWAYS_SEARCH_USER_PATHS = NO;
				CLANG_ANALYZER_NONNULL = YES;
				CLANG_ANALYZER_NUMBER_OBJECT_CONVERSION = YES_AGGRESSIVE;
				CLANG_CXX_LANGUAGE_STANDARD = "gnu++14";
				CLANG_CXX_LIBRARY = "libc++";
				CLANG_ENABLE_MODULES = YES;
				CLANG_ENABLE_OBJC_ARC = YES;
				CLANG_ENABLE_OBJC_WEAK = YES;
				CLANG_WARN_BLOCK_CAPTURE_AUTORELEASING = YES;
				CLANG_WARN_BOOL_CONVERSION = YES;
				CLANG_WARN_COMMA = YES;
				CLANG_WARN_CONSTANT_CONVERSION = YES;
				CLANG_WARN_DEPRECATED_OBJC_IMPLEMENTATIONS = YES;
				CLANG_WARN_DIRECT_OBJC_ISA_USAGE = YES_ERROR;
				CLANG_WARN_DOCUMENTATION_COMMENTS = YES;
				CLANG_WARN_EMPTY_BODY = YES;
				CLANG_WARN_ENUM_CONVERSION = YES;
				CLANG_WARN_INFINITE_RECURSION = YES;
				CLANG_WARN_INT_CONVERSION = YES;
				CLANG_WARN_NON_LITERAL_NULL_CONVERSION = YES;
				CLANG_WARN_OBJC_IMPLICIT_RETAIN_SELF = YES;
				CLANG_WARN_OBJC_LITERAL_CONVERSION = YES;
				CLANG_WARN_OBJC_ROOT_CLASS = YES_ERROR;
				CLANG_WARN_RANGE_LOOP_ANALYSIS = YES;
				CLANG_WARN_STRICT_PROTOTYPES = YES;
				CLANG_WARN_SUSPICIOUS_MOVE = YES;
				CLANG_WARN_UNGUARDED_AVAILABILITY = YES_AGGRESSIVE;
				CLANG_WARN_UNREACHABLE_CODE = YES;
				CLANG_WARN__DUPLICATE_METHOD_MATCH = YES;
				CODE_SIGN_IDENTITY = "iPhone Developer";
				COPY_PHASE_STRIP = NO;
				DEBUG_INFORMATION_FORMAT = dwarf;
				ENABLE_STRICT_OBJC_MSGSEND = YES;
				ENABLE_TESTABILITY = YES;
				GCC_C_LANGUAGE_STANDARD = gnu11;
				GCC_DYNAMIC_NO_PIC = NO;
				GCC_NO_COMMON_BLOCKS = YES;
				GCC_OPTIMIZATION_LEVEL = 0;
				GCC_PREPROCESSOR_DEFINITIONS = (
					"DEBUG=1",
					"$(inherited)",
				);
				GCC_WARN_64_TO_32_BIT_CONVERSION = YES;
				GCC_WARN_ABOUT_RETURN_TYPE = YES_ERROR;
				GCC_WARN_UNDECLARED_SELECTOR = YES;
				GCC_WARN_UNINITIALIZED_AUTOS = YES_AGGRESSIVE;
				GCC_WARN_UNUSED_FUNCTION = YES;
				GCC_WARN_UNUSED_VARIABLE = YES;
				IPHONEOS_DEPLOYMENT_TARGET = 12.4;
				MTL_ENABLE_DEBUG_INFO = INCLUDE_SOURCE;
				MTL_FAST_MATH = YES;
				ONLY_ACTIVE_ARCH = YES;
				SDKROOT = iphoneos;
				SWIFT_ACTIVE_COMPILATION_CONDITIONS = DEBUG;
				SWIFT_OPTIMIZATION_LEVEL = "-Onone";
			};
			name = Debug;
		};
		4CDB690F2327305E00F0F203 /* Release */ = {
			isa = XCBuildConfiguration;
			buildSettings = {
				ALWAYS_SEARCH_USER_PATHS = NO;
				CLANG_ANALYZER_NONNULL = YES;
				CLANG_ANALYZER_NUMBER_OBJECT_CONVERSION = YES_AGGRESSIVE;
				CLANG_CXX_LANGUAGE_STANDARD = "gnu++14";
				CLANG_CXX_LIBRARY = "libc++";
				CLANG_ENABLE_MODULES = YES;
				CLANG_ENABLE_OBJC_ARC = YES;
				CLANG_ENABLE_OBJC_WEAK = YES;
				CLANG_WARN_BLOCK_CAPTURE_AUTORELEASING = YES;
				CLANG_WARN_BOOL_CONVERSION = YES;
				CLANG_WARN_COMMA = YES;
				CLANG_WARN_CONSTANT_CONVERSION = YES;
				CLANG_WARN_DEPRECATED_OBJC_IMPLEMENTATIONS = YES;
				CLANG_WARN_DIRECT_OBJC_ISA_USAGE = YES_ERROR;
				CLANG_WARN_DOCUMENTATION_COMMENTS = YES;
				CLANG_WARN_EMPTY_BODY = YES;
				CLANG_WARN_ENUM_CONVERSION = YES;
				CLANG_WARN_INFINITE_RECURSION = YES;
				CLANG_WARN_INT_CONVERSION = YES;
				CLANG_WARN_NON_LITERAL_NULL_CONVERSION = YES;
				CLANG_WARN_OBJC_IMPLICIT_RETAIN_SELF = YES;
				CLANG_WARN_OBJC_LITERAL_CONVERSION = YES;
				CLANG_WARN_OBJC_ROOT_CLASS = YES_ERROR;
				CLANG_WARN_RANGE_LOOP_ANALYSIS = YES;
				CLANG_WARN_STRICT_PROTOTYPES = YES;
				CLANG_WARN_SUSPICIOUS_MOVE = YES;
				CLANG_WARN_UNGUARDED_AVAILABILITY = YES_AGGRESSIVE;
				CLANG_WARN_UNREACHABLE_CODE = YES;
				CLANG_WARN__DUPLICATE_METHOD_MATCH = YES;
				CODE_SIGN_IDENTITY = "iPhone Developer";
				COPY_PHASE_STRIP = NO;
				DEBUG_INFORMATION_FORMAT = "dwarf-with-dsym";
				ENABLE_NS_ASSERTIONS = NO;
				ENABLE_STRICT_OBJC_MSGSEND = YES;
				GCC_C_LANGUAGE_STANDARD = gnu11;
				GCC_NO_COMMON_BLOCKS = YES;
				GCC_WARN_64_TO_32_BIT_CONVERSION = YES;
				GCC_WARN_ABOUT_RETURN_TYPE = YES_ERROR;
				GCC_WARN_UNDECLARED_SELECTOR = YES;
				GCC_WARN_UNINITIALIZED_AUTOS = YES_AGGRESSIVE;
				GCC_WARN_UNUSED_FUNCTION = YES;
				GCC_WARN_UNUSED_VARIABLE = YES;
				IPHONEOS_DEPLOYMENT_TARGET = 12.4;
				MTL_ENABLE_DEBUG_INFO = NO;
				MTL_FAST_MATH = YES;
				SDKROOT = iphoneos;
				SWIFT_COMPILATION_MODE = wholemodule;
				SWIFT_OPTIMIZATION_LEVEL = "-O";
				VALIDATE_PRODUCT = YES;
			};
			name = Release;
		};
		4CDB69112327305E00F0F203 /* Debug */ = {
			isa = XCBuildConfiguration;
			buildSettings = {
				ASSETCATALOG_COMPILER_APPICON_NAME = AppIcon;
				CODE_SIGN_STYLE = Automatic;
				DEVELOPMENT_TEAM = 22R88DU475;
				INFOPLIST_FILE = Flix/Info.plist;
				LD_RUNPATH_SEARCH_PATHS = (
					"$(inherited)",
					"@executable_path/Frameworks",
				);
				PRODUCT_BUNDLE_IDENTIFIER = MichaelHaidar.Flix;
				PRODUCT_NAME = "$(TARGET_NAME)";
				SWIFT_VERSION = 5.0;
				TARGETED_DEVICE_FAMILY = "1,2";
			};
			name = Debug;
		};
		4CDB69122327305E00F0F203 /* Release */ = {
			isa = XCBuildConfiguration;
			buildSettings = {
				ASSETCATALOG_COMPILER_APPICON_NAME = AppIcon;
				CODE_SIGN_STYLE = Automatic;
				DEVELOPMENT_TEAM = 22R88DU475;
				INFOPLIST_FILE = Flix/Info.plist;
				LD_RUNPATH_SEARCH_PATHS = (
					"$(inherited)",
					"@executable_path/Frameworks",
				);
				PRODUCT_BUNDLE_IDENTIFIER = MichaelHaidar.Flix;
				PRODUCT_NAME = "$(TARGET_NAME)";
				SWIFT_VERSION = 5.0;
				TARGETED_DEVICE_FAMILY = "1,2";
			};
			name = Release;
		};
		4CDB69142327305E00F0F203 /* Debug */ = {
			isa = XCBuildConfiguration;
			buildSettings = {
				ALWAYS_EMBED_SWIFT_STANDARD_LIBRARIES = YES;
				BUNDLE_LOADER = "$(TEST_HOST)";
				CODE_SIGN_STYLE = Automatic;
				DEVELOPMENT_TEAM = 22R88DU475;
				INFOPLIST_FILE = FlixTests/Info.plist;
				LD_RUNPATH_SEARCH_PATHS = (
					"$(inherited)",
					"@executable_path/Frameworks",
					"@loader_path/Frameworks",
				);
				PRODUCT_BUNDLE_IDENTIFIER = MichaelHaidar.FlixTests;
				PRODUCT_NAME = "$(TARGET_NAME)";
				SWIFT_VERSION = 5.0;
				TARGETED_DEVICE_FAMILY = "1,2";
				TEST_HOST = "$(BUILT_PRODUCTS_DIR)/Flix.app/Flix";
			};
			name = Debug;
		};
		4CDB69152327305E00F0F203 /* Release */ = {
			isa = XCBuildConfiguration;
			buildSettings = {
				ALWAYS_EMBED_SWIFT_STANDARD_LIBRARIES = YES;
				BUNDLE_LOADER = "$(TEST_HOST)";
				CODE_SIGN_STYLE = Automatic;
				DEVELOPMENT_TEAM = 22R88DU475;
				INFOPLIST_FILE = FlixTests/Info.plist;
				LD_RUNPATH_SEARCH_PATHS = (
					"$(inherited)",
					"@executable_path/Frameworks",
					"@loader_path/Frameworks",
				);
				PRODUCT_BUNDLE_IDENTIFIER = MichaelHaidar.FlixTests;
				PRODUCT_NAME = "$(TARGET_NAME)";
				SWIFT_VERSION = 5.0;
				TARGETED_DEVICE_FAMILY = "1,2";
				TEST_HOST = "$(BUILT_PRODUCTS_DIR)/Flix.app/Flix";
			};
			name = Release;
		};
		4CDB69172327305E00F0F203 /* Debug */ = {
			isa = XCBuildConfiguration;
			buildSettings = {
				ALWAYS_EMBED_SWIFT_STANDARD_LIBRARIES = YES;
				CODE_SIGN_STYLE = Automatic;
				DEVELOPMENT_TEAM = 22R88DU475;
				INFOPLIST_FILE = FlixUITests/Info.plist;
				LD_RUNPATH_SEARCH_PATHS = (
					"$(inherited)",
					"@executable_path/Frameworks",
					"@loader_path/Frameworks",
				);
				PRODUCT_BUNDLE_IDENTIFIER = MichaelHaidar.FlixUITests;
				PRODUCT_NAME = "$(TARGET_NAME)";
				SWIFT_VERSION = 5.0;
				TARGETED_DEVICE_FAMILY = "1,2";
				TEST_TARGET_NAME = Flix;
			};
			name = Debug;
		};
		4CDB69182327305E00F0F203 /* Release */ = {
			isa = XCBuildConfiguration;
			buildSettings = {
				ALWAYS_EMBED_SWIFT_STANDARD_LIBRARIES = YES;
				CODE_SIGN_STYLE = Automatic;
				DEVELOPMENT_TEAM = 22R88DU475;
				INFOPLIST_FILE = FlixUITests/Info.plist;
				LD_RUNPATH_SEARCH_PATHS = (
					"$(inherited)",
					"@executable_path/Frameworks",
					"@loader_path/Frameworks",
				);
				PRODUCT_BUNDLE_IDENTIFIER = MichaelHaidar.FlixUITests;
				PRODUCT_NAME = "$(TARGET_NAME)";
				SWIFT_VERSION = 5.0;
				TARGETED_DEVICE_FAMILY = "1,2";
				TEST_TARGET_NAME = Flix;
			};
			name = Release;
		};
/* End XCBuildConfiguration section */

/* Begin XCConfigurationList section */
		4CDB68E32327305B00F0F203 /* Build configuration list for PBXProject "Flix" */ = {
			isa = XCConfigurationList;
			buildConfigurations = (
				4CDB690E2327305E00F0F203 /* Debug */,
				4CDB690F2327305E00F0F203 /* Release */,
			);
			defaultConfigurationIsVisible = 0;
			defaultConfigurationName = Release;
		};
		4CDB69102327305E00F0F203 /* Build configuration list for PBXNativeTarget "Flix" */ = {
			isa = XCConfigurationList;
			buildConfigurations = (
				4CDB69112327305E00F0F203 /* Debug */,
				4CDB69122327305E00F0F203 /* Release */,
			);
			defaultConfigurationIsVisible = 0;
			defaultConfigurationName = Release;
		};
		4CDB69132327305E00F0F203 /* Build configuration list for PBXNativeTarget "FlixTests" */ = {
			isa = XCConfigurationList;
			buildConfigurations = (
				4CDB69142327305E00F0F203 /* Debug */,
				4CDB69152327305E00F0F203 /* Release */,
			);
			defaultConfigurationIsVisible = 0;
			defaultConfigurationName = Release;
		};
		4CDB69162327305E00F0F203 /* Build configuration list for PBXNativeTarget "FlixUITests" */ = {
			isa = XCConfigurationList;
			buildConfigurations = (
				4CDB69172327305E00F0F203 /* Debug */,
				4CDB69182327305E00F0F203 /* Release */,
			);
			defaultConfigurationIsVisible = 0;
			defaultConfigurationName = Release;
		};
/* End XCConfigurationList section */
	};
	rootObject = 4CDB68E02327305B00F0F203 /* Project object */;
}
